
Microsoft Visual Studio Solution File, Format Version 12.00
# Visual Studio Version 17
VisualStudioVersion = 17.9.34701.34
MinimumVisualStudioVersion = 10.0.40219.1
Project("{9A19103F-16F7-4668-BE54-9A1E7A4F7556}") = "ITD.PerrosPerdidos.API", "ITD.PerrosPerdidos.API\ITD.PerrosPerdidos.API.csproj", "{196D131E-9C82-4B93-8BDA-C6EFD2E3279F}"
EndProject
Project("{9A19103F-16F7-4668-BE54-9A1E7A4F7556}") = "ITD.PerrosPerdidos.Application", "ITD.PerrosPerdidos.Application\ITD.PerrosPerdidos.Application.csproj", "{E486C59D-2050-4332-9D67-721C83F3935B}"
EndProject
Project("{9A19103F-16F7-4668-BE54-9A1E7A4F7556}") = "ITD.PerrosPerdidos.Domain", "ITD.PerrosPerdidos.Domain\ITD.PerrosPerdidos.Domain.csproj", "{C360ED7A-6DE5-4BBB-86DC-18E609844AFE}"
EndProject
Project("{9A19103F-16F7-4668-BE54-9A1E7A4F7556}") = "ITD.PerrosPerdidos.Infrastructure", "ITD.PerrosPerdidos.Infrastructure\ITD.PerrosPerdidos.Infrastructure.csproj", "{D2462951-DD21-4627-816E-BE59DA943319}"
EndProject
Global
	GlobalSection(SolutionConfigurationPlatforms) = preSolution
		Debug|Any CPU = Debug|Any CPU
		Release|Any CPU = Release|Any CPU
	EndGlobalSection
	GlobalSection(ProjectConfigurationPlatforms) = postSolution
		{196D131E-9C82-4B93-8BDA-C6EFD2E3279F}.Debug|Any CPU.ActiveCfg = Debug|Any CPU
		{196D131E-9C82-4B93-8BDA-C6EFD2E3279F}.Debug|Any CPU.Build.0 = Debug|Any CPU
		{196D131E-9C82-4B93-8BDA-C6EFD2E3279F}.Release|Any CPU.ActiveCfg = Release|Any CPU
		{196D131E-9C82-4B93-8BDA-C6EFD2E3279F}.Release|Any CPU.Build.0 = Release|Any CPU
		{E486C59D-2050-4332-9D67-721C83F3935B}.Debug|Any CPU.ActiveCfg = Debug|Any CPU
		{E486C59D-2050-4332-9D67-721C83F3935B}.Debug|Any CPU.Build.0 = Debug|Any CPU
		{E486C59D-2050-4332-9D67-721C83F3935B}.Release|Any CPU.ActiveCfg = Release|Any CPU
		{E486C59D-2050-4332-9D67-721C83F3935B}.Release|Any CPU.Build.0 = Release|Any CPU
		{C360ED7A-6DE5-4BBB-86DC-18E609844AFE}.Debug|Any CPU.ActiveCfg = Debug|Any CPU
		{C360ED7A-6DE5-4BBB-86DC-18E609844AFE}.Debug|Any CPU.Build.0 = Debug|Any CPU
		{C360ED7A-6DE5-4BBB-86DC-18E609844AFE}.Release|Any CPU.ActiveCfg = Release|Any CPU
		{C360ED7A-6DE5-4BBB-86DC-18E609844AFE}.Release|Any CPU.Build.0 = Release|Any CPU
		{D2462951-DD21-4627-816E-BE59DA943319}.Debug|Any CPU.ActiveCfg = Debug|Any CPU
		{D2462951-DD21-4627-816E-BE59DA943319}.Debug|Any CPU.Build.0 = Debug|Any CPU
		{D2462951-DD21-4627-816E-BE59DA943319}.Release|Any CPU.ActiveCfg = Release|Any CPU
		{D2462951-DD21-4627-816E-BE59DA943319}.Release|Any CPU.Build.0 = Release|Any CPU
	EndGlobalSection
	GlobalSection(SolutionProperties) = preSolution
		HideSolutionNode = FALSE
	EndGlobalSection
	GlobalSection(ExtensibilityGlobals) = postSolution
		SolutionGuid = {3180AA8B-2B18-4516-8993-70352C3ACCD9}
	EndGlobalSection
EndGlobal
